
Microsoft Visual Studio Solution File, Format Version 12.00
# Visual Studio 15
VisualStudioVersion = 15.0.27428.2015
MinimumVisualStudioVersion = 10.0.40219.1
Project("{FAE04EC0-301F-11D3-BF4B-00C04F79EFBC}") = "Tornero.GUI", "Entrada\Tornero.GUI.csproj", "{3DB6C0B9-9F83-441C-9336-C8F2DD0FCA73}"
EndProject
Project("{9A19103F-16F7-4668-BE54-9A1E7A4F7556}") = "Torneo.COMMON", "Torneo.COMMON\Torneo.COMMON.csproj", "{2D9A98BF-55FE-44D7-9BC6-544152AC1D5B}"
EndProject
Project("{9A19103F-16F7-4668-BE54-9A1E7A4F7556}") = "Torneo.DAL", "Torneo.DAL\Torneo.DAL.csproj", "{9BFCF895-B79B-482A-A050-EC76058A738F}"
EndProject
Project("{9A19103F-16F7-4668-BE54-9A1E7A4F7556}") = "Torneo.BIZ", "Torneo.BIZ\Torneo.BIZ.csproj", "{A005B7BB-1B05-40CB-BD4E-C8CAB76FBF31}"
EndProject
Global
	GlobalSection(SolutionConfigurationPlatforms) = preSolution
		Debug|Any CPU = Debug|Any CPU
		Release|Any CPU = Release|Any CPU
	EndGlobalSection
	GlobalSection(ProjectConfigurationPlatforms) = postSolution
		{3DB6C0B9-9F83-441C-9336-C8F2DD0FCA73}.Debug|Any CPU.ActiveCfg = Debug|Any CPU
		{3DB6C0B9-9F83-441C-9336-C8F2DD0FCA73}.Debug|Any CPU.Build.0 = Debug|Any CPU
		{3DB6C0B9-9F83-441C-9336-C8F2DD0FCA73}.Release|Any CPU.ActiveCfg = Release|Any CPU
		{3DB6C0B9-9F83-441C-9336-C8F2DD0FCA73}.Release|Any CPU.Build.0 = Release|Any CPU
		{2D9A98BF-55FE-44D7-9BC6-544152AC1D5B}.Debug|Any CPU.ActiveCfg = Debug|Any CPU
		{2D9A98BF-55FE-44D7-9BC6-544152AC1D5B}.Debug|Any CPU.Build.0 = Debug|Any CPU
		{2D9A98BF-55FE-44D7-9BC6-544152AC1D5B}.Release|Any CPU.ActiveCfg = Release|Any CPU
		{2D9A98BF-55FE-44D7-9BC6-544152AC1D5B}.Release|Any CPU.Build.0 = Release|Any CPU
		{9BFCF895-B79B-482A-A050-EC76058A738F}.Debug|Any CPU.ActiveCfg = Debug|Any CPU
		{9BFCF895-B79B-482A-A050-EC76058A738F}.Debug|Any CPU.Build.0 = Debug|Any CPU
		{9BFCF895-B79B-482A-A050-EC76058A738F}.Release|Any CPU.ActiveCfg = Release|Any CPU
		{9BFCF895-B79B-482A-A050-EC76058A738F}.Release|Any CPU.Build.0 = Release|Any CPU
		{A005B7BB-1B05-40CB-BD4E-C8CAB76FBF31}.Debug|Any CPU.ActiveCfg = Debug|Any CPU
		{A005B7BB-1B05-40CB-BD4E-C8CAB76FBF31}.Debug|Any CPU.Build.0 = Debug|Any CPU
		{A005B7BB-1B05-40CB-BD4E-C8CAB76FBF31}.Release|Any CPU.ActiveCfg = Release|Any CPU
		{A005B7BB-1B05-40CB-BD4E-C8CAB76FBF31}.Release|Any CPU.Build.0 = Release|Any CPU
	EndGlobalSection
	GlobalSection(SolutionProperties) = preSolution
		HideSolutionNode = FALSE
	EndGlobalSection
	GlobalSection(ExtensibilityGlobals) = postSolution
		SolutionGuid = {5C9EE993-B766-4329-AA47-0FD1273B4991}
	EndGlobalSection
EndGlobal
